// !$*UTF8*$!
{
	archiveVersion = 1;
	classes = {
	};
	objectVersion = 50;
	objects = {

/* Begin PBXBuildFile section */
		D79F8B6D252653F70083BBFB /* AppDelegate.m in Sources */ = {isa = PBXBuildFile; fileRef = D79F8B6C252653F70083BBFB /* AppDelegate.m */; };
		D79F8B70252653F70083BBFB /* SceneDelegate.m in Sources */ = {isa = PBXBuildFile; fileRef = D79F8B6F252653F70083BBFB /* SceneDelegate.m */; };
		D79F8B73252653F70083BBFB /* ViewController.m in Sources */ = {isa = PBXBuildFile; fileRef = D79F8B72252653F70083BBFB /* ViewController.m */; };
		D79F8B76252653F70083BBFB /* Main.storyboard in Resources */ = {isa = PBXBuildFile; fileRef = D79F8B74252653F70083BBFB /* Main.storyboard */; };
		D79F8B78252653FD0083BBFB /* Assets.xcassets in Resources */ = {isa = PBXBuildFile; fileRef = D79F8B77252653FD0083BBFB /* Assets.xcassets */; };
		D79F8B7B252653FD0083BBFB /* LaunchScreen.storyboard in Resources */ = {isa = PBXBuildFile; fileRef = D79F8B79252653FD0083BBFB /* LaunchScreen.storyboard */; };
		D79F8B7E252653FD0083BBFB /* main.m in Sources */ = {isa = PBXBuildFile; fileRef = D79F8B7D252653FD0083BBFB /* main.m */; };
/* End PBXBuildFile section */

/* Begin PBXFileReference section */
		D79F8B68252653F60083BBFB /* TableViewWithDictionary.app */ = {isa = PBXFileReference; explicitFileType = wrapper.application; includeInIndex = 0; path = TableViewWithDictionary.app; sourceTree = BUILT_PRODUCTS_DIR; };
		D79F8B6B252653F70083BBFB /* AppDelegate.h */ = {isa = PBXFileReference; lastKnownFileType = sourcecode.c.h; path = AppDelegate.h; sourceTree = "<group>"; };
		D79F8B6C252653F70083BBFB /* AppDelegate.m */ = {isa = PBXFileReference; lastKnownFileType = sourcecode.c.objc; path = AppDelegate.m; sourceTree = "<group>"; };
		D79F8B6E252653F70083BBFB /* SceneDelegate.h */ = {isa = PBXFileReference; lastKnownFileType = sourcecode.c.h; path = SceneDelegate.h; sourceTree = "<group>"; };
		D79F8B6F252653F70083BBFB /* SceneDelegate.m */ = {isa = PBXFileReference; lastKnownFileType = sourcecode.c.objc; path = SceneDelegate.m; sourceTree = "<group>"; };
		D79F8B71252653F70083BBFB /* ViewController.h */ = {isa = PBXFileReference; lastKnownFileType = sourcecode.c.h; path = ViewController.h; sourceTree = "<group>"; };
		D79F8B72252653F70083BBFB /* ViewController.m */ = {isa = PBXFileReference; lastKnownFileType = sourcecode.c.objc; path = ViewController.m; sourceTree = "<group>"; };
		D79F8B75252653F70083BBFB /* Base */ = {isa = PBXFileReference; lastKnownFileType = file.storyboard; name = Base; path = Base.lproj/Main.storyboard; sourceTree = "<group>"; };
		D79F8B77252653FD0083BBFB /* Assets.xcassets */ = {isa = PBXFileReference; lastKnownFileType = folder.assetcatalog; path = Assets.xcassets; sourceTree = "<group>"; };
		D79F8B7A252653FD0083BBFB /* Base */ = {isa = PBXFileReference; lastKnownFileType = file.storyboard; name = Base; path = Base.lproj/LaunchScreen.storyboard; sourceTree = "<group>"; };
		D79F8B7C252653FD0083BBFB /* Info.plist */ = {isa = PBXFileReference; lastKnownFileType = text.plist.xml; path = Info.plist; sourceTree = "<group>"; };
		D79F8B7D252653FD0083BBFB /* main.m */ = {isa = PBXFileReference; lastKnownFileType = sourcecode.c.objc; path = main.m; sourceTree = "<group>"; };
/* End PBXFileReference section */

/* Begin PBXFrameworksBuildPhase section */
		D79F8B65252653F60083BBFB /* Frameworks */ = {
			isa = PBXFrameworksBuildPhase;
			buildActionMask = 2147483647;
			files = (
			);
			runOnlyForDeploymentPostprocessing = 0;
		};
/* End PBXFrameworksBuildPhase section */

/* Begin PBXGroup section */
		D79F8B5F252653F60083BBFB = {
			isa = PBXGroup;
			children = (
				D79F8B6A252653F60083BBFB /* TableViewWithDictionary */,
				D79F8B69252653F60083BBFB /* Products */,
			);
			sourceTree = "<group>";
		};
		D79F8B69252653F60083BBFB /* Products */ = {
			isa = PBXGroup;
			children = (
				D79F8B68252653F60083BBFB /* TableViewWithDictionary.app */,
			);
			name = Products;
			sourceTree = "<group>";
		};
		D79F8B6A252653F60083BBFB /* TableViewWithDictionary */ = {
			isa = PBXGroup;
			children = (
				D79F8B71252653F70083BBFB /* ViewController.h */,
				D79F8B72252653F70083BBFB /* ViewController.m */,
				D79F8B74252653F70083BBFB /* Main.storyboard */,
				D79F8B842526541A0083BBFB /* important */,
				D79F8B6B252653F70083BBFB /* AppDelegate.h */,
				D79F8B6C252653F70083BBFB /* AppDelegate.m */,
				D79F8B6E252653F70083BBFB /* SceneDelegate.h */,
				D79F8B6F252653F70083BBFB /* SceneDelegate.m */,
				D79F8B77252653FD0083BBFB /* Assets.xcassets */,
				D79F8B79252653FD0083BBFB /* LaunchScreen.storyboard */,
				D79F8B7C252653FD0083BBFB /* Info.plist */,
				D79F8B7D252653FD0083BBFB /* main.m */,
			);
			path = TableViewWithDictionary;
			sourceTree = "<group>";
		};
		D79F8B842526541A0083BBFB /* important */ = {
			isa = PBXGroup;
			children = (
			);
			path = important;
			sourceTree = "<group>";
		};
/* End PBXGroup section */

/* Begin PBXNativeTarget section */
		D79F8B67252653F60083BBFB /* TableViewWithDictionary */ = {
			isa = PBXNativeTarget;
			buildConfigurationList = D79F8B81252653FD0083BBFB /* Build configuration list for PBXNativeTarget "TableViewWithDictionary" */;
			buildPhases = (
				D79F8B64252653F60083BBFB /* Sources */,
				D79F8B65252653F60083BBFB /* Frameworks */,
				D79F8B66252653F60083BBFB /* Resources */,
			);
			buildRules = (
			);
			dependencies = (
			);
			name = TableViewWithDictionary;
			productName = TableViewWithDictionary;
			productReference = D79F8B68252653F60083BBFB /* TableViewWithDictionary.app */;
			productType = "com.apple.product-type.application";
		};
/* End PBXNativeTarget section */

/* Begin PBXProject section */
		D79F8B60252653F60083BBFB /* Project object */ = {
			isa = PBXProject;
			attributes = {
				LastUpgradeCheck = 1130;
				ORGANIZATIONNAME = "The App Experts";
				TargetAttributes = {
					D79F8B67252653F60083BBFB = {
						CreatedOnToolsVersion = 11.3.1;
					};
				};
			};
			buildConfigurationList = D79F8B63252653F60083BBFB /* Build configuration list for PBXProject "TableViewWithDictionary" */;
			compatibilityVersion = "Xcode 9.3";
			developmentRegion = en;
			hasScannedForEncodings = 0;
			knownRegions = (
				en,
				Base,
			);
			mainGroup = D79F8B5F252653F60083BBFB;
			productRefGroup = D79F8B69252653F60083BBFB /* Products */;
			projectDirPath = "";
			projectRoot = "";
			targets = (
				D79F8B67252653F60083BBFB /* TableViewWithDictionary */,
			);
		};
/* End PBXProject section */

/* Begin PBXResourcesBuildPhase section */
		D79F8B66252653F60083BBFB /* Resources */ = {
			isa = PBXResourcesBuildPhase;
			buildActionMask = 2147483647;
			files = (
				D79F8B7B252653FD0083BBFB /* LaunchScreen.storyboard in Resources */,
				D79F8B78252653FD0083BBFB /* Assets.xcassets in Resources */,
				D79F8B76252653F70083BBFB /* Main.storyboard in Resources */,
			);
			runOnlyForDeploymentPostprocessing = 0;
		};
/* End PBXResourcesBuildPhase section */

/* Begin PBXSourcesBuildPhase section */
		D79F8B64252653F60083BBFB /* Sources */ = {
			isa = PBXSourcesBuildPhase;
			buildActionMask = 2147483647;
			files = (
				D79F8B73252653F70083BBFB /* ViewController.m in Sources */,
				D79F8B6D252653F70083BBFB /* AppDelegate.m in Sources */,
				D79F8B7E252653FD0083BBFB /* main.m in Sources */,
				D79F8B70252653F70083BBFB /* SceneDelegate.m in Sources */,
			);
			runOnlyForDeploymentPostprocessing = 0;
		};
/* End PBXSourcesBuildPhase section */

/* Begin PBXVariantGroup section */
		D79F8B74252653F70083BBFB /* Main.storyboard */ = {
			isa = PBXVariantGroup;
			children = (
				D79F8B75252653F70083BBFB /* Base */,
			);
			name = Main.storyboard;
			sourceTree = "<group>";
		};
		D79F8B79252653FD0083BBFB /* LaunchScreen.storyboard */ = {
			isa = PBXVariantGroup;
			children = (
				D79F8B7A252653FD0083BBFB /* Base */,
			);
			name = LaunchScreen.storyboard;
			sourceTree = "<group>";
		};
/* End PBXVariantGroup section */

/* Begin XCBuildConfiguration section */
		D79F8B7F252653FD0083BBFB /* Debug */ = {
			isa = XCBuildConfiguration;
			buildSettings = {
				ALWAYS_SEARCH_USER_PATHS = NO;
				CLANG_ANALYZER_NONNULL = YES;
				CLANG_ANALYZER_NUMBER_OBJECT_CONVERSION = YES_AGGRESSIVE;
				CLANG_CXX_LANGUAGE_STANDARD = "gnu++14";
				CLANG_CXX_LIBRARY = "libc++";
				CLANG_ENABLE_MODULES = YES;
				CLANG_ENABLE_OBJC_ARC = YES;
				CLANG_ENABLE_OBJC_WEAK = YES;
				CLANG_WARN_BLOCK_CAPTURE_AUTORELEASING = YES;
				CLANG_WARN_BOOL_CONVERSION = YES;
				CLANG_WARN_COMMA = YES;
				CLANG_WARN_CONSTANT_CONVERSION = YES;
				CLANG_WARN_DEPRECATED_OBJC_IMPLEMENTATIONS = YES;
				CLANG_WARN_DIRECT_OBJC_ISA_USAGE = YES_ERROR;
				CLANG_WARN_DOCUMENTATION_COMMENTS = YES;
				CLANG_WARN_EMPTY_BODY = YES;
				CLANG_WARN_ENUM_CONVERSION = YES;
				CLANG_WARN_INFINITE_RECURSION = YES;
				CLANG_WARN_INT_CONVERSION = YES;
				CLANG_WARN_NON_LITERAL_NULL_CONVERSION = YES;
				CLANG_WARN_OBJC_IMPLICIT_RETAIN_SELF = YES;
				CLANG_WARN_OBJC_LITERAL_CONVERSION = YES;
				CLANG_WARN_OBJC_ROOT_CLASS = YES_ERROR;
				CLANG_WARN_RANGE_LOOP_ANALYSIS = YES;
				CLANG_WARN_STRICT_PROTOTYPES = YES;
				CLANG_WARN_SUSPICIOUS_MOVE = YES;
				CLANG_WARN_UNGUARDED_AVAILABILITY = YES_AGGRESSIVE;
				CLANG_WARN_UNREACHABLE_CODE = YES;
				CLANG_WARN__DUPLICATE_METHOD_MATCH = YES;
				COPY_PHASE_STRIP = NO;
				DEBUG_INFORMATION_FORMAT = dwarf;
				ENABLE_STRICT_OBJC_MSGSEND = YES;
				ENABLE_TESTABILITY = YES;
				GCC_C_LANGUAGE_STANDARD = gnu11;
				GCC_DYNAMIC_NO_PIC = NO;
				GCC_NO_COMMON_BLOCKS = YES;
				GCC_OPTIMIZATION_LEVEL = 0;
				GCC_PREPROCESSOR_DEFINITIONS = (
					"DEBUG=1",
					"$(inherited)",
				);
				GCC_WARN_64_TO_32_BIT_CONVERSION = YES;
				GCC_WARN_ABOUT_RETURN_TYPE = YES_ERROR;
				GCC_WARN_UNDECLARED_SELECTOR = YES;
				GCC_WARN_UNINITIALIZED_AUTOS = YES_AGGRESSIVE;
				GCC_WARN_UNUSED_FUNCTION = YES;
				GCC_WARN_UNUSED_VARIABLE = YES;
				IPHONEOS_DEPLOYMENT_TARGET = 13.2;
				MTL_ENABLE_DEBUG_INFO = INCLUDE_SOURCE;
				MTL_FAST_MATH = YES;
				ONLY_ACTIVE_ARCH = YES;
				SDKROOT = iphoneos;
			};
			name = Debug;
		};
		D79F8B80252653FD0083BBFB /* Release */ = {
			isa = XCBuildConfiguration;
			buildSettings = {
				ALWAYS_SEARCH_USER_PATHS = NO;
				CLANG_ANALYZER_NONNULL = YES;
				CLANG_ANALYZER_NUMBER_OBJECT_CONVERSION = YES_AGGRESSIVE;
				CLANG_CXX_LANGUAGE_STANDARD = "gnu++14";
				CLANG_CXX_LIBRARY = "libc++";
				CLANG_ENABLE_MODULES = YES;
				CLANG_ENABLE_OBJC_ARC = YES;
				CLANG_ENABLE_OBJC_WEAK = YES;
				CLANG_WARN_BLOCK_CAPTURE_AUTORELEASING = YES;
				CLANG_WARN_BOOL_CONVERSION = YES;
				CLANG_WARN_COMMA = YES;
				CLANG_WARN_CONSTANT_CONVERSION = YES;
				CLANG_WARN_DEPRECATED_OBJC_IMPLEMENTATIONS = YES;
				CLANG_WARN_DIRECT_OBJC_ISA_USAGE = YES_ERROR;
				CLANG_WARN_DOCUMENTATION_COMMENTS = YES;
				CLANG_WARN_EMPTY_BODY = YES;
				CLANG_WARN_ENUM_CONVERSION = YES;
				CLANG_WARN_INFINITE_RECURSION = YES;
				CLANG_WARN_INT_CONVERSION = YES;
				CLANG_WARN_NON_LITERAL_NULL_CONVERSION = YES;
				CLANG_WARN_OBJC_IMPLICIT_RETAIN_SELF = YES;
				CLANG_WARN_OBJC_LITERAL_CONVERSION = YES;
				CLANG_WARN_OBJC_ROOT_CLASS = YES_ERROR;
				CLANG_WARN_RANGE_LOOP_ANALYSIS = YES;
				CLANG_WARN_STRICT_PROTOTYPES = YES;
				CLANG_WARN_SUSPICIOUS_MOVE = YES;
				CLANG_WARN_UNGUARDED_AVAILABILITY = YES_AGGRESSIVE;
				CLANG_WARN_UNREACHABLE_CODE = YES;
				CLANG_WARN__DUPLICATE_METHOD_MATCH = YES;
				COPY_PHASE_STRIP = NO;
				DEBUG_INFORMATION_FORMAT = "dwarf-with-dsym";
				ENABLE_NS_ASSERTIONS = NO;
				ENABLE_STRICT_OBJC_MSGSEND = YES;
				GCC_C_LANGUAGE_STANDARD = gnu11;
				GCC_NO_COMMON_BLOCKS = YES;
				GCC_WARN_64_TO_32_BIT_CONVERSION = YES;
				GCC_WARN_ABOUT_RETURN_TYPE = YES_ERROR;
				GCC_WARN_UNDECLARED_SELECTOR = YES;
				GCC_WARN_UNINITIALIZED_AUTOS = YES_AGGRESSIVE;
				GCC_WARN_UNUSED_FUNCTION = YES;
				GCC_WARN_UNUSED_VARIABLE = YES;
				IPHONEOS_DEPLOYMENT_TARGET = 13.2;
				MTL_ENABLE_DEBUG_INFO = NO;
				MTL_FAST_MATH = YES;
				SDKROOT = iphoneos;
				VALIDATE_PRODUCT = YES;
			};
			name = Release;
		};
		D79F8B82252653FD0083BBFB /* Debug */ = {
			isa = XCBuildConfiguration;
			buildSettings = {
				ASSETCATALOG_COMPILER_APPICON_NAME = AppIcon;
				CODE_SIGN_STYLE = Automatic;
				DEVELOPMENT_TEAM = V4B9WRAZKW;
				INFOPLIST_FILE = TableViewWithDictionary/Info.plist;
				LD_RUNPATH_SEARCH_PATHS = (
					"$(inherited)",
					"@executable_path/Frameworks",
				);
				PRODUCT_BUNDLE_IDENTIFIER = eu.rjch.TableViewWithDictionary;
				PRODUCT_NAME = "$(TARGET_NAME)";
				TARGETED_DEVICE_FAMILY = "1,2";
			};
			name = Debug;
		};
		D79F8B83252653FD0083BBFB /* Release */ = {
			isa = XCBuildConfiguration;
			buildSettings = {
				ASSETCATALOG_COMPILER_APPICON_NAME = AppIcon;
				CODE_SIGN_STYLE = Automatic;
				DEVELOPMENT_TEAM = V4B9WRAZKW;
				INFOPLIST_FILE = TableViewWithDictionary/Info.plist;
				LD_RUNPATH_SEARCH_PATHS = (
					"$(inherited)",
					"@executable_path/Frameworks",
				);
				PRODUCT_BUNDLE_IDENTIFIER = eu.rjch.TableViewWithDictionary;
				PRODUCT_NAME = "$(TARGET_NAME)";
				TARGETED_DEVICE_FAMILY = "1,2";
			};
			name = Release;
		};
/* End XCBuildConfiguration section */

/* Begin XCConfigurationList section */
		D79F8B63252653F60083BBFB /* Build configuration list for PBXProject "TableViewWithDictionary" */ = {
			isa = XCConfigurationList;
			buildConfigurations = (
				D79F8B7F252653FD0083BBFB /* Debug */,
				D79F8B80252653FD0083BBFB /* Release */,
			);
			defaultConfigurationIsVisible = 0;
			defaultConfigurationName = Release;
		};
		D79F8B81252653FD0083BBFB /* Build configuration list for PBXNativeTarget "TableViewWithDictionary" */ = {
			isa = XCConfigurationList;
			buildConfigurations = (
				D79F8B82252653FD0083BBFB /* Debug */,
				D79F8B83252653FD0083BBFB /* Release */,
			);
			defaultConfigurationIsVisible = 0;
			defaultConfigurationName = Release;
		};
/* End XCConfigurationList section */
	};
	rootObject = D79F8B60252653F60083BBFB /* Project object */;
}
